<?xml version="1.0" encoding="utf-8"?>
<Project ToolsVersion="4.0" xmlns="http://schemas.microsoft.com/developer/msbuild/2003">
  <ItemGroup>
    <Filter Include="源文件">
      <UniqueIdentifier>{4FC737F1-C7A5-4376-A066-2A32D752A2FF}</UniqueIdentifier>
      <Extensions>cpp;c;cc;cxx;c++;cppm;ixx;def;odl;idl;hpj;bat;asm;asmx</Extensions>
    </Filter>
    <Filter Include="头文件">
      <UniqueIdentifier>{93995380-89BD-4b04-88EB-625FBE52EBFB}</UniqueIdentifier>
      <Extensions>h;hh;hpp;hxx;h++;hm;inl;inc;ipp;xsd</Extensions>
    </Filter>
    <Filter Include="资源文件">
      <UniqueIdentifier>{67DA6AB6-F800-4c08-8B7A-83BB121AAD01}</UniqueIdentifier>
      <Extensions>rc;ico;cur;bmp;dlg;rc2;rct;bin;rgs;gif;jpg;jpeg;jpe;resx;tiff;tif;png;wav;mfcribbon-ms</Extensions>
    </Filter>
  </ItemGroup>
  <ItemGroup>
    <ClInclude Include="include\HexUtils.h">
      <Filter>头文件</Filter>
    </ClInclude>
    <ClInclude Include="include\IZMQSocket.h">
      <Filter>头文件</Filter>
    </ClInclude>
    <ClInclude Include="include\LoggerManager.h">
      <Filter>头文件</Filter>
    </ClInclude>
    <ClInclude Include="include\MessagePackData.h">
      <Filter>头文件</Filter>
    </ClInclude>
    <ClInclude Include="include\PacketBuilder.h">
      <Filter>头文件</Filter>
    </ClInclude>
    <ClInclude Include="include\ThreadSafeZMQDealer.h">
      <Filter>头文件</Filter>
    </ClInclude>
    <ClInclude Include="include\ThreadSafeZMQPair.h">
      <Filter>头文件</Filter>
    </ClInclude>
    <ClInclude Include="include\ThreadSafeZMQPublisher.h">
      <Filter>头文件</Filter>
    </ClInclude>
    <ClInclude Include="include\ThreadSafeZMQPuller.h">
      <Filter>头文件</Filter>
    </ClInclude>
    <ClInclude Include="include\ThreadSafeZMQPusher.h">
      <Filter>头文件</Filter>
    </ClInclude>
    <ClInclude Include="include\ThreadSafeZMQReplier.h">
      <Filter>头文件</Filter>
    </ClInclude>
    <ClInclude Include="include\ThreadSafeZMQRequester.h">
      <Filter>头文件</Filter>
    </ClInclude>
    <ClInclude Include="include\ThreadSafeZMQRouter.h">
      <Filter>头文件</Filter>
    </ClInclude>
    <ClInclude Include="include\ThreadSafeZMQSubscriber.h">
      <Filter>头文件</Filter>
    </ClInclude>
    <ClInclude Include="include\ZeroMQWrapper.h">
      <Filter>头文件</Filter>
    </ClInclude>
    <ClInclude Include="include\zmq.h">
      <Filter>头文件</Filter>
    </ClInclude>
    <ClInclude Include="include\zmq.hpp">
      <Filter>头文件</Filter>
    </ClInclude>
    <ClInclude Include="include\ZMQSocketManager.h">
      <Filter>头文件</Filter>
    </ClInclude>
  </ItemGroup>
  <ItemGroup>
    <ClCompile Include="src\LoggerManager.cpp">
      <Filter>源文件</Filter>
    </ClCompile>
    <ClCompile Include="src\PacketBuilder.cpp">
      <Filter>源文件</Filter>
    </ClCompile>
    <ClCompile Include="src\SimpleZeroMQ.cpp">
      <Filter>源文件</Filter>
    </ClCompile>
    <ClCompile Include="src\ThreadSafeZMQDealer.cpp">
      <Filter>源文件</Filter>
    </ClCompile>
    <ClCompile Include="src\ThreadSafeZMQPair.cpp">
      <Filter>源文件</Filter>
    </ClCompile>
    <ClCompile Include="src\ThreadSafeZMQPublisher.cpp">
      <Filter>源文件</Filter>
    </ClCompile>
    <ClCompile Include="src\ThreadSafeZMQPuller.cpp">
      <Filter>源文件</Filter>
    </ClCompile>
    <ClCompile Include="src\ThreadSafeZMQPusher.cpp">
      <Filter>源文件</Filter>
    </ClCompile>
    <ClCompile Include="src\ThreadSafeZMQReplier.cpp">
      <Filter>源文件</Filter>
    </ClCompile>
    <ClCompile Include="src\ThreadSafeZMQRequester.cpp">
      <Filter>源文件</Filter>
    </ClCompile>
    <ClCompile Include="src\ThreadSafeZMQRouter.cpp">
      <Filter>源文件</Filter>
    </ClCompile>
    <ClCompile Include="src\ThreadSafeZMQSubscriber.cpp">
      <Filter>源文件</Filter>
    </ClCompile>
    <ClCompile Include="src\ZeroMQWrapper.cpp">
      <Filter>源文件</Filter>
    </ClCompile>
    <ClCompile Include="src\ZMQSocketManager.cpp">
      <Filter>源文件</Filter>
    </ClCompile>
  </ItemGroup>
</Project>